// !$*UTF8*$!
{
	archiveVersion = 1;
	classes = {
	};
	objectVersion = 56;
	objects = {

/* Begin PBXBuildFile section */
		0D6550FB2AB859180021024B /* ExpyAbstractions.swift in Sources */ = {isa = PBXBuildFile; fileRef = 0D6550F92AB859180021024B /* ExpyAbstractions.swift */; };
		0D6550FC2AB859180021024B /* ExpyTableView.swift in Sources */ = {isa = PBXBuildFile; fileRef = 0D6550FA2AB859180021024B /* ExpyTableView.swift */; };
		0D870B5C2AB8CBD00028CC14 /* DataFormatter.swift in Sources */ = {isa = PBXBuildFile; fileRef = 0D870B5B2AB8CBD00028CC14 /* DataFormatter.swift */; };
		0D870B5E2AB8E6BC0028CC14 /* Info.swift in Sources */ = {isa = PBXBuildFile; fileRef = 0D870B5D2AB8E6BC0028CC14 /* Info.swift */; };
		0DD5A3A22AB4712800917C85 /* AppDelegate.swift in Sources */ = {isa = PBXBuildFile; fileRef = 0DD5A3A12AB4712800917C85 /* AppDelegate.swift */; };
		0DD5A3AB2AB4712900917C85 /* Assets.xcassets in Resources */ = {isa = PBXBuildFile; fileRef = 0DD5A3AA2AB4712900917C85 /* Assets.xcassets */; };
		0DD5A3AE2AB4712900917C85 /* LaunchScreen.storyboard in Resources */ = {isa = PBXBuildFile; fileRef = 0DD5A3AC2AB4712900917C85 /* LaunchScreen.storyboard */; };
		0DD5A3B92AB4766000917C85 /* EventModel.swift in Sources */ = {isa = PBXBuildFile; fileRef = 0DD5A3B82AB4766000917C85 /* EventModel.swift */; };
		0DD5A3BB2AB4796100917C85 /* SportModel.swift in Sources */ = {isa = PBXBuildFile; fileRef = 0DD5A3BA2AB4796100917C85 /* SportModel.swift */; };
		0DD5A3BE2AB47DEE00917C85 /* SportViewModel.swift in Sources */ = {isa = PBXBuildFile; fileRef = 0DD5A3BD2AB47DEE00917C85 /* SportViewModel.swift */; };
		0DD5A3CC2AB59E9A00917C85 /* TableCollectionViewCell.swift in Sources */ = {isa = PBXBuildFile; fileRef = 0DD5A3CB2AB59E9A00917C85 /* TableCollectionViewCell.swift */; };
		0DD5A3CE2AB5A0A000917C85 /* HorizontalItemCollectionViewCell.swift in Sources */ = {isa = PBXBuildFile; fileRef = 0DD5A3CD2AB5A0A000917C85 /* HorizontalItemCollectionViewCell.swift */; };
		0DD5A3D02AB5A0EC00917C85 /* MainViewController.swift in Sources */ = {isa = PBXBuildFile; fileRef = 0DD5A3CF2AB5A0EC00917C85 /* MainViewController.swift */; };
		0DD5A3D22AB5AFE100917C85 /* ColorSets.xcassets in Resources */ = {isa = PBXBuildFile; fileRef = 0DD5A3D12AB5AFE100917C85 /* ColorSets.xcassets */; };
		0DD5A3D42AB5B4EC00917C85 /* Colors.swift in Sources */ = {isa = PBXBuildFile; fileRef = 0DD5A3D32AB5B4EC00917C85 /* Colors.swift */; };
		0DD5A3D62AB5BD3200917C85 /* ExpTableCollectionViewCell.swift in Sources */ = {isa = PBXBuildFile; fileRef = 0DD5A3D52AB5BD3200917C85 /* ExpTableCollectionViewCell.swift */; };
		0DD5A3D92AB7439200917C85 /* SportsAPIService.swift in Sources */ = {isa = PBXBuildFile; fileRef = 0DD5A3D82AB7439200917C85 /* SportsAPIService.swift */; };
		0DD5A3DB2AB7498D00917C85 /* SportsTableViewDataSource.swift in Sources */ = {isa = PBXBuildFile; fileRef = 0DD5A3DA2AB7498D00917C85 /* SportsTableViewDataSource.swift */; };
		0DD5A3DD2AB768F800917C85 /* EventsCollectionViewDataSource.swift in Sources */ = {isa = PBXBuildFile; fileRef = 0DD5A3DC2AB768F800917C85 /* EventsCollectionViewDataSource.swift */; };
		0DD5A3E92AB847CB00917C85 /* SportHeaderViewCell.swift in Sources */ = {isa = PBXBuildFile; fileRef = 0DD5A3E82AB847CB00917C85 /* SportHeaderViewCell.swift */; };
/* End PBXBuildFile section */

/* Begin PBXFileReference section */
		0D6550F92AB859180021024B /* ExpyAbstractions.swift */ = {isa = PBXFileReference; fileEncoding = 4; lastKnownFileType = sourcecode.swift; path = ExpyAbstractions.swift; sourceTree = "<group>"; };
		0D6550FA2AB859180021024B /* ExpyTableView.swift */ = {isa = PBXFileReference; fileEncoding = 4; lastKnownFileType = sourcecode.swift; path = ExpyTableView.swift; sourceTree = "<group>"; };
		0D870B5B2AB8CBD00028CC14 /* DataFormatter.swift */ = {isa = PBXFileReference; lastKnownFileType = sourcecode.swift; path = DataFormatter.swift; sourceTree = "<group>"; };
		0D870B5D2AB8E6BC0028CC14 /* Info.swift */ = {isa = PBXFileReference; lastKnownFileType = sourcecode.swift; path = Info.swift; sourceTree = "<group>"; };
		0DD5A39E2AB4712800917C85 /* Sportano.app */ = {isa = PBXFileReference; explicitFileType = wrapper.application; includeInIndex = 0; path = Sportano.app; sourceTree = BUILT_PRODUCTS_DIR; };
		0DD5A3A12AB4712800917C85 /* AppDelegate.swift */ = {isa = PBXFileReference; lastKnownFileType = sourcecode.swift; path = AppDelegate.swift; sourceTree = "<group>"; };
		0DD5A3AA2AB4712900917C85 /* Assets.xcassets */ = {isa = PBXFileReference; lastKnownFileType = folder.assetcatalog; path = Assets.xcassets; sourceTree = "<group>"; };
		0DD5A3AD2AB4712900917C85 /* Base */ = {isa = PBXFileReference; lastKnownFileType = file.storyboard; name = Base; path = Base.lproj/LaunchScreen.storyboard; sourceTree = "<group>"; };
		0DD5A3AF2AB4712900917C85 /* Info.plist */ = {isa = PBXFileReference; lastKnownFileType = text.plist.xml; path = Info.plist; sourceTree = "<group>"; };
		0DD5A3B82AB4766000917C85 /* EventModel.swift */ = {isa = PBXFileReference; lastKnownFileType = sourcecode.swift; path = EventModel.swift; sourceTree = "<group>"; };
		0DD5A3BA2AB4796100917C85 /* SportModel.swift */ = {isa = PBXFileReference; lastKnownFileType = sourcecode.swift; path = SportModel.swift; sourceTree = "<group>"; };
		0DD5A3BD2AB47DEE00917C85 /* SportViewModel.swift */ = {isa = PBXFileReference; lastKnownFileType = sourcecode.swift; path = SportViewModel.swift; sourceTree = "<group>"; };
		0DD5A3CB2AB59E9A00917C85 /* TableCollectionViewCell.swift */ = {isa = PBXFileReference; lastKnownFileType = sourcecode.swift; path = TableCollectionViewCell.swift; sourceTree = "<group>"; };
		0DD5A3CD2AB5A0A000917C85 /* HorizontalItemCollectionViewCell.swift */ = {isa = PBXFileReference; lastKnownFileType = sourcecode.swift; path = HorizontalItemCollectionViewCell.swift; sourceTree = "<group>"; };
		0DD5A3CF2AB5A0EC00917C85 /* MainViewController.swift */ = {isa = PBXFileReference; lastKnownFileType = sourcecode.swift; path = MainViewController.swift; sourceTree = "<group>"; };
		0DD5A3D12AB5AFE100917C85 /* ColorSets.xcassets */ = {isa = PBXFileReference; lastKnownFileType = folder.assetcatalog; path = ColorSets.xcassets; sourceTree = "<group>"; };
		0DD5A3D32AB5B4EC00917C85 /* Colors.swift */ = {isa = PBXFileReference; lastKnownFileType = sourcecode.swift; path = Colors.swift; sourceTree = "<group>"; };
		0DD5A3D52AB5BD3200917C85 /* ExpTableCollectionViewCell.swift */ = {isa = PBXFileReference; lastKnownFileType = sourcecode.swift; path = ExpTableCollectionViewCell.swift; sourceTree = "<group>"; };
		0DD5A3D82AB7439200917C85 /* SportsAPIService.swift */ = {isa = PBXFileReference; lastKnownFileType = sourcecode.swift; path = SportsAPIService.swift; sourceTree = "<group>"; };
		0DD5A3DA2AB7498D00917C85 /* SportsTableViewDataSource.swift */ = {isa = PBXFileReference; lastKnownFileType = sourcecode.swift; path = SportsTableViewDataSource.swift; sourceTree = "<group>"; };
		0DD5A3DC2AB768F800917C85 /* EventsCollectionViewDataSource.swift */ = {isa = PBXFileReference; lastKnownFileType = sourcecode.swift; path = EventsCollectionViewDataSource.swift; sourceTree = "<group>"; };
		0DD5A3E82AB847CB00917C85 /* SportHeaderViewCell.swift */ = {isa = PBXFileReference; lastKnownFileType = sourcecode.swift; path = SportHeaderViewCell.swift; sourceTree = "<group>"; };
/* End PBXFileReference section */

/* Begin PBXFrameworksBuildPhase section */
		0DD5A39B2AB4712800917C85 /* Frameworks */ = {
			isa = PBXFrameworksBuildPhase;
			buildActionMask = 2147483647;
			files = (
			);
			runOnlyForDeploymentPostprocessing = 0;
		};
/* End PBXFrameworksBuildPhase section */

/* Begin PBXGroup section */
		0D6550F82AB858C60021024B /* ExpyTableView Library */ = {
			isa = PBXGroup;
			children = (
				0D6550F92AB859180021024B /* ExpyAbstractions.swift */,
				0D6550FA2AB859180021024B /* ExpyTableView.swift */,
			);
			path = "ExpyTableView Library";
			sourceTree = "<group>";
		};
		0D870B5A2AB8CBA50028CC14 /* Helpers */ = {
			isa = PBXGroup;
			children = (
				0D870B5B2AB8CBD00028CC14 /* DataFormatter.swift */,
			);
			path = Helpers;
			sourceTree = "<group>";
		};
		0DD5A3952AB4712800917C85 = {
			isa = PBXGroup;
			children = (
				0DD5A3A02AB4712800917C85 /* Sportano */,
				0D6550F82AB858C60021024B /* ExpyTableView Library */,
				0DD5A39F2AB4712800917C85 /* Products */,
			);
			sourceTree = "<group>";
		};
		0DD5A39F2AB4712800917C85 /* Products */ = {
			isa = PBXGroup;
			children = (
				0DD5A39E2AB4712800917C85 /* Sportano.app */,
			);
			name = Products;
			sourceTree = "<group>";
		};
		0DD5A3A02AB4712800917C85 /* Sportano */ = {
			isa = PBXGroup;
			children = (
				0D870B5A2AB8CBA50028CC14 /* Helpers */,
				0DD5A3A12AB4712800917C85 /* AppDelegate.swift */,
				0DD5A3D32AB5B4EC00917C85 /* Colors.swift */,
				0DD5A3D12AB5AFE100917C85 /* ColorSets.xcassets */,
				0DD5A3AA2AB4712900917C85 /* Assets.xcassets */,
				0DD5A3AC2AB4712900917C85 /* LaunchScreen.storyboard */,
				0DD5A3AF2AB4712900917C85 /* Info.plist */,
				0DD5A3D72AB7435D00917C85 /* Network */,
				0DD5A3C12AB4C22700917C85 /* View */,
				0DD5A3B62AB4761D00917C85 /* View Model */,
				0DD5A3B72AB4763300917C85 /* Model */,
				0DD5A3B52AB4760300917C85 /* Controller */,
			);
			path = Sportano;
			sourceTree = "<group>";
		};
		0DD5A3B52AB4760300917C85 /* Controller */ = {
			isa = PBXGroup;
			children = (
				0DD5A3CF2AB5A0EC00917C85 /* MainViewController.swift */,
				0DD5A3DA2AB7498D00917C85 /* SportsTableViewDataSource.swift */,
				0DD5A3DC2AB768F800917C85 /* EventsCollectionViewDataSource.swift */,
			);
			path = Controller;
			sourceTree = "<group>";
		};
		0DD5A3B62AB4761D00917C85 /* View Model */ = {
			isa = PBXGroup;
			children = (
				0DD5A3BD2AB47DEE00917C85 /* SportViewModel.swift */,
			);
			path = "View Model";
			sourceTree = "<group>";
		};
		0DD5A3B72AB4763300917C85 /* Model */ = {
			isa = PBXGroup;
			children = (
				0DD5A3B82AB4766000917C85 /* EventModel.swift */,
				0DD5A3BA2AB4796100917C85 /* SportModel.swift */,
			);
			path = Model;
			sourceTree = "<group>";
		};
		0DD5A3C12AB4C22700917C85 /* View */ = {
			isa = PBXGroup;
			children = (
				0DD5A3CB2AB59E9A00917C85 /* TableCollectionViewCell.swift */,
				0DD5A3D52AB5BD3200917C85 /* ExpTableCollectionViewCell.swift */,
				0DD5A3CD2AB5A0A000917C85 /* HorizontalItemCollectionViewCell.swift */,
				0DD5A3E82AB847CB00917C85 /* SportHeaderViewCell.swift */,
				0D870B5D2AB8E6BC0028CC14 /* Info.swift */,
			);
			path = View;
			sourceTree = "<group>";
		};
		0DD5A3D72AB7435D00917C85 /* Network */ = {
			isa = PBXGroup;
			children = (
				0DD5A3D82AB7439200917C85 /* SportsAPIService.swift */,
			);
			path = Network;
			sourceTree = "<group>";
		};
/* End PBXGroup section */

/* Begin PBXNativeTarget section */
		0DD5A39D2AB4712800917C85 /* Sportano */ = {
			isa = PBXNativeTarget;
			buildConfigurationList = 0DD5A3B22AB4712900917C85 /* Build configuration list for PBXNativeTarget "Sportano" */;
			buildPhases = (
				0DD5A39A2AB4712800917C85 /* Sources */,
				0DD5A39B2AB4712800917C85 /* Frameworks */,
				0DD5A39C2AB4712800917C85 /* Resources */,
			);
			buildRules = (
			);
			dependencies = (
			);
			name = Sportano;
			productName = Sportano;
			productReference = 0DD5A39E2AB4712800917C85 /* Sportano.app */;
			productType = "com.apple.product-type.application";
		};
/* End PBXNativeTarget section */

/* Begin PBXProject section */
		0DD5A3962AB4712800917C85 /* Project object */ = {
			isa = PBXProject;
			attributes = {
				BuildIndependentTargetsInParallel = 1;
				LastSwiftUpdateCheck = 1430;
				LastUpgradeCheck = 1430;
				TargetAttributes = {
					0DD5A39D2AB4712800917C85 = {
						CreatedOnToolsVersion = 14.3.1;
					};
				};
			};
			buildConfigurationList = 0DD5A3992AB4712800917C85 /* Build configuration list for PBXProject "Sportano" */;
			compatibilityVersion = "Xcode 14.0";
			developmentRegion = en;
			hasScannedForEncodings = 0;
			knownRegions = (
				en,
				Base,
			);
			mainGroup = 0DD5A3952AB4712800917C85;
			productRefGroup = 0DD5A39F2AB4712800917C85 /* Products */;
			projectDirPath = "";
			projectRoot = "";
			targets = (
				0DD5A39D2AB4712800917C85 /* Sportano */,
			);
		};
/* End PBXProject section */

/* Begin PBXResourcesBuildPhase section */
		0DD5A39C2AB4712800917C85 /* Resources */ = {
			isa = PBXResourcesBuildPhase;
			buildActionMask = 2147483647;
			files = (
				0DD5A3D22AB5AFE100917C85 /* ColorSets.xcassets in Resources */,
				0DD5A3AE2AB4712900917C85 /* LaunchScreen.storyboard in Resources */,
				0DD5A3AB2AB4712900917C85 /* Assets.xcassets in Resources */,
			);
			runOnlyForDeploymentPostprocessing = 0;
		};
/* End PBXResourcesBuildPhase section */

/* Begin PBXSourcesBuildPhase section */
		0DD5A39A2AB4712800917C85 /* Sources */ = {
			isa = PBXSourcesBuildPhase;
			buildActionMask = 2147483647;
			files = (
				0D6550FC2AB859180021024B /* ExpyTableView.swift in Sources */,
				0D6550FB2AB859180021024B /* ExpyAbstractions.swift in Sources */,
				0DD5A3D62AB5BD3200917C85 /* ExpTableCollectionViewCell.swift in Sources */,
				0DD5A3BB2AB4796100917C85 /* SportModel.swift in Sources */,
				0DD5A3D42AB5B4EC00917C85 /* Colors.swift in Sources */,
				0DD5A3CE2AB5A0A000917C85 /* HorizontalItemCollectionViewCell.swift in Sources */,
				0DD5A3BE2AB47DEE00917C85 /* SportViewModel.swift in Sources */,
				0DD5A3B92AB4766000917C85 /* EventModel.swift in Sources */,
				0DD5A3E92AB847CB00917C85 /* SportHeaderViewCell.swift in Sources */,
				0DD5A3DD2AB768F800917C85 /* EventsCollectionViewDataSource.swift in Sources */,
				0DD5A3CC2AB59E9A00917C85 /* TableCollectionViewCell.swift in Sources */,
				0DD5A3D02AB5A0EC00917C85 /* MainViewController.swift in Sources */,
				0D870B5C2AB8CBD00028CC14 /* DataFormatter.swift in Sources */,
				0DD5A3DB2AB7498D00917C85 /* SportsTableViewDataSource.swift in Sources */,
				0DD5A3A22AB4712800917C85 /* AppDelegate.swift in Sources */,
				0DD5A3D92AB7439200917C85 /* SportsAPIService.swift in Sources */,
				0D870B5E2AB8E6BC0028CC14 /* Info.swift in Sources */,
			);
			runOnlyForDeploymentPostprocessing = 0;
		};
/* End PBXSourcesBuildPhase section */

/* Begin PBXVariantGroup section */
		0DD5A3AC2AB4712900917C85 /* LaunchScreen.storyboard */ = {
			isa = PBXVariantGroup;
			children = (
				0DD5A3AD2AB4712900917C85 /* Base */,
			);
			name = LaunchScreen.storyboard;
			sourceTree = "<group>";
		};
/* End PBXVariantGroup section */

/* Begin XCBuildConfiguration section */
		0DD5A3B02AB4712900917C85 /* Debug */ = {
			isa = XCBuildConfiguration;
			buildSettings = {
				ALWAYS_SEARCH_USER_PATHS = NO;
				CLANG_ANALYZER_NONNULL = YES;
				CLANG_ANALYZER_NUMBER_OBJECT_CONVERSION = YES_AGGRESSIVE;
				CLANG_CXX_LANGUAGE_STANDARD = "gnu++20";
				CLANG_ENABLE_MODULES = YES;
				CLANG_ENABLE_OBJC_ARC = YES;
				CLANG_ENABLE_OBJC_WEAK = YES;
				CLANG_WARN_BLOCK_CAPTURE_AUTORELEASING = YES;
				CLANG_WARN_BOOL_CONVERSION = YES;
				CLANG_WARN_COMMA = YES;
				CLANG_WARN_CONSTANT_CONVERSION = YES;
				CLANG_WARN_DEPRECATED_OBJC_IMPLEMENTATIONS = YES;
				CLANG_WARN_DIRECT_OBJC_ISA_USAGE = YES_ERROR;
				CLANG_WARN_DOCUMENTATION_COMMENTS = YES;
				CLANG_WARN_EMPTY_BODY = YES;
				CLANG_WARN_ENUM_CONVERSION = YES;
				CLANG_WARN_INFINITE_RECURSION = YES;
				CLANG_WARN_INT_CONVERSION = YES;
				CLANG_WARN_NON_LITERAL_NULL_CONVERSION = YES;
				CLANG_WARN_OBJC_IMPLICIT_RETAIN_SELF = YES;
				CLANG_WARN_OBJC_LITERAL_CONVERSION = YES;
				CLANG_WARN_OBJC_ROOT_CLASS = YES_ERROR;
				CLANG_WARN_QUOTED_INCLUDE_IN_FRAMEWORK_HEADER = YES;
				CLANG_WARN_RANGE_LOOP_ANALYSIS = YES;
				CLANG_WARN_STRICT_PROTOTYPES = YES;
				CLANG_WARN_SUSPICIOUS_MOVE = YES;
				CLANG_WARN_UNGUARDED_AVAILABILITY = YES_AGGRESSIVE;
				CLANG_WARN_UNREACHABLE_CODE = YES;
				CLANG_WARN__DUPLICATE_METHOD_MATCH = YES;
				COPY_PHASE_STRIP = NO;
				DEBUG_INFORMATION_FORMAT = dwarf;
				ENABLE_STRICT_OBJC_MSGSEND = YES;
				ENABLE_TESTABILITY = YES;
				GCC_C_LANGUAGE_STANDARD = gnu11;
				GCC_DYNAMIC_NO_PIC = NO;
				GCC_NO_COMMON_BLOCKS = YES;
				GCC_OPTIMIZATION_LEVEL = 0;
				GCC_PREPROCESSOR_DEFINITIONS = (
					"DEBUG=1",
					"$(inherited)",
				);
				GCC_WARN_64_TO_32_BIT_CONVERSION = YES;
				GCC_WARN_ABOUT_RETURN_TYPE = YES_ERROR;
				GCC_WARN_UNDECLARED_SELECTOR = YES;
				GCC_WARN_UNINITIALIZED_AUTOS = YES_AGGRESSIVE;
				GCC_WARN_UNUSED_FUNCTION = YES;
				GCC_WARN_UNUSED_VARIABLE = YES;
				IPHONEOS_DEPLOYMENT_TARGET = 16.4;
				MTL_ENABLE_DEBUG_INFO = INCLUDE_SOURCE;
				MTL_FAST_MATH = YES;
				ONLY_ACTIVE_ARCH = YES;
				SDKROOT = iphoneos;
				SWIFT_ACTIVE_COMPILATION_CONDITIONS = DEBUG;
				SWIFT_OPTIMIZATION_LEVEL = "-Onone";
			};
			name = Debug;
		};
		0DD5A3B12AB4712900917C85 /* Release */ = {
			isa = XCBuildConfiguration;
			buildSettings = {
				ALWAYS_SEARCH_USER_PATHS = NO;
				CLANG_ANALYZER_NONNULL = YES;
				CLANG_ANALYZER_NUMBER_OBJECT_CONVERSION = YES_AGGRESSIVE;
				CLANG_CXX_LANGUAGE_STANDARD = "gnu++20";
				CLANG_ENABLE_MODULES = YES;
				CLANG_ENABLE_OBJC_ARC = YES;
				CLANG_ENABLE_OBJC_WEAK = YES;
				CLANG_WARN_BLOCK_CAPTURE_AUTORELEASING = YES;
				CLANG_WARN_BOOL_CONVERSION = YES;
				CLANG_WARN_COMMA = YES;
				CLANG_WARN_CONSTANT_CONVERSION = YES;
				CLANG_WARN_DEPRECATED_OBJC_IMPLEMENTATIONS = YES;
				CLANG_WARN_DIRECT_OBJC_ISA_USAGE = YES_ERROR;
				CLANG_WARN_DOCUMENTATION_COMMENTS = YES;
				CLANG_WARN_EMPTY_BODY = YES;
				CLANG_WARN_ENUM_CONVERSION = YES;
				CLANG_WARN_INFINITE_RECURSION = YES;
				CLANG_WARN_INT_CONVERSION = YES;
				CLANG_WARN_NON_LITERAL_NULL_CONVERSION = YES;
				CLANG_WARN_OBJC_IMPLICIT_RETAIN_SELF = YES;
				CLANG_WARN_OBJC_LITERAL_CONVERSION = YES;
				CLANG_WARN_OBJC_ROOT_CLASS = YES_ERROR;
				CLANG_WARN_QUOTED_INCLUDE_IN_FRAMEWORK_HEADER = YES;
				CLANG_WARN_RANGE_LOOP_ANALYSIS = YES;
				CLANG_WARN_STRICT_PROTOTYPES = YES;
				CLANG_WARN_SUSPICIOUS_MOVE = YES;
				CLANG_WARN_UNGUARDED_AVAILABILITY = YES_AGGRESSIVE;
				CLANG_WARN_UNREACHABLE_CODE = YES;
				CLANG_WARN__DUPLICATE_METHOD_MATCH = YES;
				COPY_PHASE_STRIP = NO;
				DEBUG_INFORMATION_FORMAT = "dwarf-with-dsym";
				ENABLE_NS_ASSERTIONS = NO;
				ENABLE_STRICT_OBJC_MSGSEND = YES;
				GCC_C_LANGUAGE_STANDARD = gnu11;
				GCC_NO_COMMON_BLOCKS = YES;
				GCC_WARN_64_TO_32_BIT_CONVERSION = YES;
				GCC_WARN_ABOUT_RETURN_TYPE = YES_ERROR;
				GCC_WARN_UNDECLARED_SELECTOR = YES;
				GCC_WARN_UNINITIALIZED_AUTOS = YES_AGGRESSIVE;
				GCC_WARN_UNUSED_FUNCTION = YES;
				GCC_WARN_UNUSED_VARIABLE = YES;
				IPHONEOS_DEPLOYMENT_TARGET = 16.4;
				MTL_ENABLE_DEBUG_INFO = NO;
				MTL_FAST_MATH = YES;
				SDKROOT = iphoneos;
				SWIFT_COMPILATION_MODE = wholemodule;
				SWIFT_OPTIMIZATION_LEVEL = "-O";
				VALIDATE_PRODUCT = YES;
			};
			name = Release;
		};
		0DD5A3B32AB4712900917C85 /* Debug */ = {
			isa = XCBuildConfiguration;
			buildSettings = {
				ASSETCATALOG_COMPILER_APPICON_NAME = AppIcon;
				ASSETCATALOG_COMPILER_GLOBAL_ACCENT_COLOR_NAME = AccentColor;
				CODE_SIGN_STYLE = Automatic;
				CURRENT_PROJECT_VERSION = 1;
				DEVELOPMENT_TEAM = Y9Y6NP8UZG;
				GENERATE_INFOPLIST_FILE = YES;
				INFOPLIST_FILE = Sportano/Info.plist;
				INFOPLIST_KEY_UIApplicationSupportsIndirectInputEvents = YES;
				INFOPLIST_KEY_UILaunchStoryboardName = LaunchScreen;
				INFOPLIST_KEY_UIMainStoryboardFile = "";
				INFOPLIST_KEY_UISupportedInterfaceOrientations = "UIInterfaceOrientationLandscapeLeft UIInterfaceOrientationLandscapeRight UIInterfaceOrientationPortrait";
				IPHONEOS_DEPLOYMENT_TARGET = 12.0;
				LD_RUNPATH_SEARCH_PATHS = (
					"$(inherited)",
					"@executable_path/Frameworks",
				);
				MARKETING_VERSION = 1.0;
				PRODUCT_BUNDLE_IDENTIFIER = com.example.Sportano;
				PRODUCT_NAME = "$(TARGET_NAME)";
				SWIFT_EMIT_LOC_STRINGS = YES;
				SWIFT_VERSION = 5.0;
				TARGETED_DEVICE_FAMILY = "1,2";
			};
			name = Debug;
		};
		0DD5A3B42AB4712900917C85 /* Release */ = {
			isa = XCBuildConfiguration;
			buildSettings = {
				ASSETCATALOG_COMPILER_APPICON_NAME = AppIcon;
				ASSETCATALOG_COMPILER_GLOBAL_ACCENT_COLOR_NAME = AccentColor;
				CODE_SIGN_STYLE = Automatic;
				CURRENT_PROJECT_VERSION = 1;
				DEVELOPMENT_TEAM = Y9Y6NP8UZG;
				GENERATE_INFOPLIST_FILE = YES;
				INFOPLIST_FILE = Sportano/Info.plist;
				INFOPLIST_KEY_UIApplicationSupportsIndirectInputEvents = YES;
				INFOPLIST_KEY_UILaunchStoryboardName = LaunchScreen;
				INFOPLIST_KEY_UIMainStoryboardFile = "";
				INFOPLIST_KEY_UISupportedInterfaceOrientations = "UIInterfaceOrientationLandscapeLeft UIInterfaceOrientationLandscapeRight UIInterfaceOrientationPortrait";
				IPHONEOS_DEPLOYMENT_TARGET = 12.0;
				LD_RUNPATH_SEARCH_PATHS = (
					"$(inherited)",
					"@executable_path/Frameworks",
				);
				MARKETING_VERSION = 1.0;
				PRODUCT_BUNDLE_IDENTIFIER = com.example.Sportano;
				PRODUCT_NAME = "$(TARGET_NAME)";
				SWIFT_EMIT_LOC_STRINGS = YES;
				SWIFT_VERSION = 5.0;
				TARGETED_DEVICE_FAMILY = "1,2";
			};
			name = Release;
		};
/* End XCBuildConfiguration section */

/* Begin XCConfigurationList section */
		0DD5A3992AB4712800917C85 /* Build configuration list for PBXProject "Sportano" */ = {
			isa = XCConfigurationList;
			buildConfigurations = (
				0DD5A3B02AB4712900917C85 /* Debug */,
				0DD5A3B12AB4712900917C85 /* Release */,
			);
			defaultConfigurationIsVisible = 0;
			defaultConfigurationName = Release;
		};
		0DD5A3B22AB4712900917C85 /* Build configuration list for PBXNativeTarget "Sportano" */ = {
			isa = XCConfigurationList;
			buildConfigurations = (
				0DD5A3B32AB4712900917C85 /* Debug */,
				0DD5A3B42AB4712900917C85 /* Release */,
			);
			defaultConfigurationIsVisible = 0;
			defaultConfigurationName = Release;
		};
/* End XCConfigurationList section */
	};
	rootObject = 0DD5A3962AB4712800917C85 /* Project object */;
}
